
Microsoft Visual Studio Solution File, Format Version 12.00
# Visual Studio Version 17
VisualStudioVersion = 17.8.34316.72
MinimumVisualStudioVersion = 10.0.40219.1
Project("{FAE04EC0-301F-11D3-BF4B-00C04F79EFBC}") = "APP_NewGIT", "APP_NewGIT\APP_NewGIT.csproj", "{2054C231-B800-4408-8056-0507FDA65F65}"
EndProject
Global
	GlobalSection(SolutionConfigurationPlatforms) = preSolution
		Debug|Any CPU = Debug|Any CPU
		Release|Any CPU = Release|Any CPU
	EndGlobalSection
	GlobalSection(ProjectConfigurationPlatforms) = postSolution
		{2054C231-B800-4408-8056-0507FDA65F65}.Debug|Any CPU.ActiveCfg = Debug|Any CPU
		{2054C231-B800-4408-8056-0507FDA65F65}.Debug|Any CPU.Build.0 = Debug|Any CPU
		{2054C231-B800-4408-8056-0507FDA65F65}.Release|Any CPU.ActiveCfg = Release|Any CPU
		{2054C231-B800-4408-8056-0507FDA65F65}.Release|Any CPU.Build.0 = Release|Any CPU
	EndGlobalSection
	GlobalSection(SolutionProperties) = preSolution
		HideSolutionNode = FALSE
	EndGlobalSection
	GlobalSection(ExtensibilityGlobals) = postSolution
		SolutionGuid = {50CBB80B-22EC-424D-97BB-971A63BB46DE}
	EndGlobalSection
EndGlobal
